
Microsoft Visual Studio Solution File, Format Version 12.00
# Visual Studio Version 16
VisualStudioVersion = 16.0.29519.87
MinimumVisualStudioVersion = 10.0.40219.1
Project("{FAE04EC0-301F-11D3-BF4B-00C04F79EFBC}") = "CruxDotNetReact", "CruxDotNetReact.csproj", "{51B92840-E10D-4048-9308-5F240150BA16}"
EndProject
Global
	GlobalSection(SolutionConfigurationPlatforms) = preSolution
		Debug|Any CPU = Debug|Any CPU
		Release|Any CPU = Release|Any CPU
	EndGlobalSection
	GlobalSection(ProjectConfigurationPlatforms) = postSolution
		{51B92840-E10D-4048-9308-5F240150BA16}.Debug|Any CPU.ActiveCfg = Debug|Any CPU
		{51B92840-E10D-4048-9308-5F240150BA16}.Debug|Any CPU.Build.0 = Debug|Any CPU
		{51B92840-E10D-4048-9308-5F240150BA16}.Release|Any CPU.ActiveCfg = Release|Any CPU
		{51B92840-E10D-4048-9308-5F240150BA16}.Release|Any CPU.Build.0 = Release|Any CPU
	EndGlobalSection
	GlobalSection(SolutionProperties) = preSolution
		HideSolutionNode = FALSE
	EndGlobalSection
	GlobalSection(ExtensibilityGlobals) = postSolution
		SolutionGuid = {49BEE1C0-190F-4F9F-BEFD-8C0EDEBCC9A7}
	EndGlobalSection
EndGlobal
